# This file was autogenerated by Stack.
# You should not edit this file by hand.
# For more information, please see the documentation at:
#   https://docs.haskellstack.org/en/stable/lock_files

packages: []
snapshots:
- completed:
    size: 506958
    url: https://raw.githubusercontent.com/commercialhaskell/stackage-snapshots/master/nightly/2019/2/13.yaml
    sha256: 427bb3913b9990e784aa4a44abf71d5aefaaf5cec125b88db4a9c3afc9002e93
  original: nightly-2019-02-13
